// !$*UTF8*$!
{
	archiveVersion = 1;
	classes = {
	};
	objectVersion = 56;
	objects = {

/* Begin PBXBuildFile section */
		90011E0C2A0C0AA600BABE6B /* Underwater.mp3 in Resources */ = {isa = PBXBuildFile; fileRef = 90011E0B2A0C0AA600BABE6B /* Underwater.mp3 */; };
		90011E2A2A0D36A900BABE6B /* AirplayView.swift in Sources */ = {isa = PBXBuildFile; fileRef = 90011E292A0D36A900BABE6B /* AirplayView.swift */; };
		90454B9B2A2CD4F7006D2105 /* TipView.swift in Sources */ = {isa = PBXBuildFile; fileRef = 90454B9A2A2CD4F7006D2105 /* TipView.swift */; };
		90454BA22A2D13C8006D2105 /* Products.plist in Resources */ = {isa = PBXBuildFile; fileRef = 90454BA12A2D13C8006D2105 /* Products.plist */; };
		904B378329F5592B00044372 /* SleepMusicApp.swift in Sources */ = {isa = PBXBuildFile; fileRef = 904B378229F5592B00044372 /* SleepMusicApp.swift */; };
		904B378529F5592B00044372 /* ContentView.swift in Sources */ = {isa = PBXBuildFile; fileRef = 904B378429F5592B00044372 /* ContentView.swift */; };
		904B378729F5592D00044372 /* Assets.xcassets in Resources */ = {isa = PBXBuildFile; fileRef = 904B378629F5592D00044372 /* Assets.xcassets */; };
		904B378A29F5592D00044372 /* Preview Assets.xcassets in Resources */ = {isa = PBXBuildFile; fileRef = 904B378929F5592D00044372 /* Preview Assets.xcassets */; };
		904B379129F5595200044372 /* SoundModel.swift in Sources */ = {isa = PBXBuildFile; fileRef = 904B379029F5595200044372 /* SoundModel.swift */; };
		904B379329F5596C00044372 /* PlaybackControlButton.swift in Sources */ = {isa = PBXBuildFile; fileRef = 904B379229F5596C00044372 /* PlaybackControlButton.swift */; };
		904B379529F5598F00044372 /* AudioViewModel.swift in Sources */ = {isa = PBXBuildFile; fileRef = 904B379429F5598F00044372 /* AudioViewModel.swift */; };
		904B379729F559A200044372 /* TimerViewModel.swift in Sources */ = {isa = PBXBuildFile; fileRef = 904B379629F559A200044372 /* TimerViewModel.swift */; };
		904B37A629F55A2400044372 /* ButtonsView.swift in Sources */ = {isa = PBXBuildFile; fileRef = 904B37A529F55A2400044372 /* ButtonsView.swift */; };
		904B37A829F55A3000044372 /* PlayerView.swift in Sources */ = {isa = PBXBuildFile; fileRef = 904B37A729F55A3000044372 /* PlayerView.swift */; };
		904B37AA29F55B0C00044372 /* Meditation.mp3 in Resources */ = {isa = PBXBuildFile; fileRef = 904B37A929F55B0C00044372 /* Meditation.mp3 */; };
		904B37B129F55B3400044372 /* Thunder.mp3 in Resources */ = {isa = PBXBuildFile; fileRef = 904B37B029F55B3400044372 /* Thunder.mp3 */; };
		904B37B329F55B4200044372 /* Beach.mp3 in Resources */ = {isa = PBXBuildFile; fileRef = 904B37B229F55B4200044372 /* Beach.mp3 */; };
		904E88CB2A32FA1900CDE329 /* WombSounds.mp3 in Resources */ = {isa = PBXBuildFile; fileRef = 904E88C82A32FA1900CDE329 /* WombSounds.mp3 */; };
		904E88CC2A32FA1900CDE329 /* River.mp3 in Resources */ = {isa = PBXBuildFile; fileRef = 904E88C92A32FA1900CDE329 /* River.mp3 */; };
		904E88CD2A32FA1900CDE329 /* WhiteNoise.mp3 in Resources */ = {isa = PBXBuildFile; fileRef = 904E88CA2A32FA1900CDE329 /* WhiteNoise.mp3 */; };
		904E88D12A33006300CDE329 /* Waterfall.mp3 in Resources */ = {isa = PBXBuildFile; fileRef = 904E88D02A33006300CDE329 /* Waterfall.mp3 */; };
		905D25012A13ED5500CE72B5 /* MedievalSharp-Regular.ttf in Resources */ = {isa = PBXBuildFile; fileRef = 905D25002A13ED5500CE72B5 /* MedievalSharp-Regular.ttf */; };
		905D25032A13F03C00CE72B5 /* Parchment.ttf in Resources */ = {isa = PBXBuildFile; fileRef = 905D25022A13F03C00CE72B5 /* Parchment.ttf */; };
		9099279F2A332EAA00CF7F19 /* StoreKit.framework in Frameworks */ = {isa = PBXBuildFile; fileRef = 9099279E2A332EAA00CF7F19 /* StoreKit.framework */; };
		909927A12A332F2D00CF7F19 /* Products.storekit in Resources */ = {isa = PBXBuildFile; fileRef = 909927A02A332F2D00CF7F19 /* Products.storekit */; };
		909927A42A3337FC00CF7F19 /* TipViewModel.swift in Sources */ = {isa = PBXBuildFile; fileRef = 909927A32A3337FC00CF7F19 /* TipViewModel.swift */; };
		90B9A1652A0D6C4A00CF5350 /* SettingsView.swift in Sources */ = {isa = PBXBuildFile; fileRef = 90B9A1642A0D6C4A00CF5350 /* SettingsView.swift */; };
		90B9A1672A0D768700CF5350 /* AboutView.swift in Sources */ = {isa = PBXBuildFile; fileRef = 90B9A1662A0D768700CF5350 /* AboutView.swift */; };
		90B9A1692A0E853900CF5350 /* ThemeView.swift in Sources */ = {isa = PBXBuildFile; fileRef = 90B9A1682A0E853900CF5350 /* ThemeView.swift */; };
		90B9A1732A0E8FDA00CF5350 /* AppIconView.swift in Sources */ = {isa = PBXBuildFile; fileRef = 90B9A1722A0E8FDA00CF5350 /* AppIconView.swift */; };
		90B9A1772A0E900600CF5350 /* Privacyview.swift in Sources */ = {isa = PBXBuildFile; fileRef = 90B9A1762A0E900600CF5350 /* Privacyview.swift */; };
		90B9A1792A0FC76F00CF5350 /* Keyboard.mp3 in Resources */ = {isa = PBXBuildFile; fileRef = 90B9A1782A0FC76F00CF5350 /* Keyboard.mp3 */; };
		90B9A17B2A0FC77D00CF5350 /* Typewriter.mp3 in Resources */ = {isa = PBXBuildFile; fileRef = 90B9A17A2A0FC77D00CF5350 /* Typewriter.mp3 */; };
		90D4C04D2A10F8800050B6FD /* Theme.swift in Sources */ = {isa = PBXBuildFile; fileRef = 90D4C04C2A10F8800050B6FD /* Theme.swift */; };
		90D4C0502A10F89C0050B6FD /* ThemeColours.xcassets in Resources */ = {isa = PBXBuildFile; fileRef = 90D4C04F2A10F89C0050B6FD /* ThemeColours.xcassets */; };
		90D4C0562A10F9CE0050B6FD /* ThemeModel.swift in Sources */ = {isa = PBXBuildFile; fileRef = 90D4C0552A10F9CE0050B6FD /* ThemeModel.swift */; };
		90D4E02C29FD08D90072F00E /* Short.mp3 in Resources */ = {isa = PBXBuildFile; fileRef = 90D4E02B29FD08D90072F00E /* Short.mp3 */; };
		90D4E03029FD14EC0072F00E /* Rain.mp3 in Resources */ = {isa = PBXBuildFile; fileRef = 90D4E02F29FD14EC0072F00E /* Rain.mp3 */; };
		90D4E03429FD15D40072F00E /* Fire.mp3 in Resources */ = {isa = PBXBuildFile; fileRef = 90D4E03329FD15D40072F00E /* Fire.mp3 */; };
		90D4E03629FD16890072F00E /* WindChimes.mp3 in Resources */ = {isa = PBXBuildFile; fileRef = 90D4E03529FD16890072F00E /* WindChimes.mp3 */; };
		90D4E03829FD17940072F00E /* ZenGong.mp3 in Resources */ = {isa = PBXBuildFile; fileRef = 90D4E03729FD17940072F00E /* ZenGong.mp3 */; };
		90F6C07C2A1543BF00855495 /* IconViewModel.swift in Sources */ = {isa = PBXBuildFile; fileRef = 90F6C07B2A1543BF00855495 /* IconViewModel.swift */; };
/* End PBXBuildFile section */

/* Begin PBXCopyFilesBuildPhase section */
		90454BA52A2D151B006D2105 /* Embed Frameworks */ = {
			isa = PBXCopyFilesBuildPhase;
			buildActionMask = 2147483647;
			dstPath = "";
			dstSubfolderSpec = 10;
			files = (
			);
			name = "Embed Frameworks";
			runOnlyForDeploymentPostprocessing = 0;
		};
/* End PBXCopyFilesBuildPhase section */

/* Begin PBXFileReference section */
		90011E0B2A0C0AA600BABE6B /* Underwater.mp3 */ = {isa = PBXFileReference; lastKnownFileType = audio.mp3; path = Underwater.mp3; sourceTree = "<group>"; };
		90011E292A0D36A900BABE6B /* AirplayView.swift */ = {isa = PBXFileReference; lastKnownFileType = sourcecode.swift; path = AirplayView.swift; sourceTree = "<group>"; };
		90454B9A2A2CD4F7006D2105 /* TipView.swift */ = {isa = PBXFileReference; lastKnownFileType = sourcecode.swift; path = TipView.swift; sourceTree = "<group>"; };
		90454BA12A2D13C8006D2105 /* Products.plist */ = {isa = PBXFileReference; lastKnownFileType = text.plist.xml; path = Products.plist; sourceTree = "<group>"; };
		904B377F29F5592B00044372 /* SleepMusic.app */ = {isa = PBXFileReference; explicitFileType = wrapper.application; includeInIndex = 0; path = SleepMusic.app; sourceTree = BUILT_PRODUCTS_DIR; };
		904B378229F5592B00044372 /* SleepMusicApp.swift */ = {isa = PBXFileReference; lastKnownFileType = sourcecode.swift; path = SleepMusicApp.swift; sourceTree = "<group>"; };
		904B378429F5592B00044372 /* ContentView.swift */ = {isa = PBXFileReference; lastKnownFileType = sourcecode.swift; path = ContentView.swift; sourceTree = "<group>"; };
		904B378629F5592D00044372 /* Assets.xcassets */ = {isa = PBXFileReference; lastKnownFileType = folder.assetcatalog; path = Assets.xcassets; sourceTree = "<group>"; };
		904B378929F5592D00044372 /* Preview Assets.xcassets */ = {isa = PBXFileReference; lastKnownFileType = folder.assetcatalog; path = "Preview Assets.xcassets"; sourceTree = "<group>"; };
		904B379029F5595200044372 /* SoundModel.swift */ = {isa = PBXFileReference; lastKnownFileType = sourcecode.swift; path = SoundModel.swift; sourceTree = "<group>"; };
		904B379229F5596C00044372 /* PlaybackControlButton.swift */ = {isa = PBXFileReference; lastKnownFileType = sourcecode.swift; path = PlaybackControlButton.swift; sourceTree = "<group>"; };
		904B379429F5598F00044372 /* AudioViewModel.swift */ = {isa = PBXFileReference; lastKnownFileType = sourcecode.swift; path = AudioViewModel.swift; sourceTree = "<group>"; };
		904B379629F559A200044372 /* TimerViewModel.swift */ = {isa = PBXFileReference; lastKnownFileType = sourcecode.swift; path = TimerViewModel.swift; sourceTree = "<group>"; };
		904B37A529F55A2400044372 /* ButtonsView.swift */ = {isa = PBXFileReference; lastKnownFileType = sourcecode.swift; path = ButtonsView.swift; sourceTree = "<group>"; };
		904B37A729F55A3000044372 /* PlayerView.swift */ = {isa = PBXFileReference; lastKnownFileType = sourcecode.swift; path = PlayerView.swift; sourceTree = "<group>"; };
		904B37A929F55B0C00044372 /* Meditation.mp3 */ = {isa = PBXFileReference; lastKnownFileType = audio.mp3; path = Meditation.mp3; sourceTree = "<group>"; };
		904B37B029F55B3400044372 /* Thunder.mp3 */ = {isa = PBXFileReference; lastKnownFileType = audio.mp3; path = Thunder.mp3; sourceTree = "<group>"; };
		904B37B229F55B4200044372 /* Beach.mp3 */ = {isa = PBXFileReference; lastKnownFileType = audio.mp3; path = Beach.mp3; sourceTree = "<group>"; };
		904B37B429F55BEB00044372 /* Info.plist */ = {isa = PBXFileReference; lastKnownFileType = text.plist; path = Info.plist; sourceTree = "<group>"; };
		904E88C82A32FA1900CDE329 /* WombSounds.mp3 */ = {isa = PBXFileReference; lastKnownFileType = audio.mp3; path = WombSounds.mp3; sourceTree = "<group>"; };
		904E88C92A32FA1900CDE329 /* River.mp3 */ = {isa = PBXFileReference; lastKnownFileType = audio.mp3; path = River.mp3; sourceTree = "<group>"; };
		904E88CA2A32FA1900CDE329 /* WhiteNoise.mp3 */ = {isa = PBXFileReference; lastKnownFileType = audio.mp3; path = WhiteNoise.mp3; sourceTree = "<group>"; };
		904E88D02A33006300CDE329 /* Waterfall.mp3 */ = {isa = PBXFileReference; lastKnownFileType = audio.mp3; path = Waterfall.mp3; sourceTree = "<group>"; };
		905D25002A13ED5500CE72B5 /* MedievalSharp-Regular.ttf */ = {isa = PBXFileReference; lastKnownFileType = file; path = "MedievalSharp-Regular.ttf"; sourceTree = "<group>"; };
		905D25022A13F03C00CE72B5 /* Parchment.ttf */ = {isa = PBXFileReference; lastKnownFileType = file; path = Parchment.ttf; sourceTree = "<group>"; };
		9099279E2A332EAA00CF7F19 /* StoreKit.framework */ = {isa = PBXFileReference; lastKnownFileType = wrapper.framework; name = StoreKit.framework; path = System/Library/Frameworks/StoreKit.framework; sourceTree = SDKROOT; };
		909927A02A332F2D00CF7F19 /* Products.storekit */ = {isa = PBXFileReference; lastKnownFileType = text; path = Products.storekit; sourceTree = "<group>"; };
		909927A32A3337FC00CF7F19 /* TipViewModel.swift */ = {isa = PBXFileReference; lastKnownFileType = sourcecode.swift; path = TipViewModel.swift; sourceTree = "<group>"; };
		90B9A1642A0D6C4A00CF5350 /* SettingsView.swift */ = {isa = PBXFileReference; lastKnownFileType = sourcecode.swift; path = SettingsView.swift; sourceTree = "<group>"; };
		90B9A1662A0D768700CF5350 /* AboutView.swift */ = {isa = PBXFileReference; lastKnownFileType = sourcecode.swift; path = AboutView.swift; sourceTree = "<group>"; };
		90B9A1682A0E853900CF5350 /* ThemeView.swift */ = {isa = PBXFileReference; lastKnownFileType = sourcecode.swift; path = ThemeView.swift; sourceTree = "<group>"; };
		90B9A1722A0E8FDA00CF5350 /* AppIconView.swift */ = {isa = PBXFileReference; lastKnownFileType = sourcecode.swift; path = AppIconView.swift; sourceTree = "<group>"; };
		90B9A1762A0E900600CF5350 /* Privacyview.swift */ = {isa = PBXFileReference; lastKnownFileType = sourcecode.swift; path = Privacyview.swift; sourceTree = "<group>"; };
		90B9A1782A0FC76F00CF5350 /* Keyboard.mp3 */ = {isa = PBXFileReference; lastKnownFileType = audio.mp3; path = Keyboard.mp3; sourceTree = "<group>"; };
		90B9A17A2A0FC77D00CF5350 /* Typewriter.mp3 */ = {isa = PBXFileReference; lastKnownFileType = audio.mp3; path = Typewriter.mp3; sourceTree = "<group>"; };
		90D4C04C2A10F8800050B6FD /* Theme.swift */ = {isa = PBXFileReference; lastKnownFileType = sourcecode.swift; path = Theme.swift; sourceTree = "<group>"; };
		90D4C04F2A10F89C0050B6FD /* ThemeColours.xcassets */ = {isa = PBXFileReference; lastKnownFileType = folder.assetcatalog; path = ThemeColours.xcassets; sourceTree = "<group>"; };
		90D4C0552A10F9CE0050B6FD /* ThemeModel.swift */ = {isa = PBXFileReference; lastKnownFileType = sourcecode.swift; path = ThemeModel.swift; sourceTree = "<group>"; };
		90D4E02B29FD08D90072F00E /* Short.mp3 */ = {isa = PBXFileReference; lastKnownFileType = audio.mp3; path = Short.mp3; sourceTree = "<group>"; };
		90D4E02F29FD14EC0072F00E /* Rain.mp3 */ = {isa = PBXFileReference; lastKnownFileType = audio.mp3; path = Rain.mp3; sourceTree = "<group>"; };
		90D4E03329FD15D40072F00E /* Fire.mp3 */ = {isa = PBXFileReference; lastKnownFileType = audio.mp3; path = Fire.mp3; sourceTree = "<group>"; };
		90D4E03529FD16890072F00E /* WindChimes.mp3 */ = {isa = PBXFileReference; lastKnownFileType = audio.mp3; path = WindChimes.mp3; sourceTree = "<group>"; };
		90D4E03729FD17940072F00E /* ZenGong.mp3 */ = {isa = PBXFileReference; lastKnownFileType = audio.mp3; path = ZenGong.mp3; sourceTree = "<group>"; };
		90F6C07B2A1543BF00855495 /* IconViewModel.swift */ = {isa = PBXFileReference; lastKnownFileType = sourcecode.swift; path = IconViewModel.swift; sourceTree = "<group>"; };
/* End PBXFileReference section */

/* Begin PBXFrameworksBuildPhase section */
		904B377C29F5592B00044372 /* Frameworks */ = {
			isa = PBXFrameworksBuildPhase;
			buildActionMask = 2147483647;
			files = (
				9099279F2A332EAA00CF7F19 /* StoreKit.framework in Frameworks */,
			);
			runOnlyForDeploymentPostprocessing = 0;
		};
/* End PBXFrameworksBuildPhase section */

/* Begin PBXGroup section */
		900D24342A1614ED002C304C /* Models */ = {
			isa = PBXGroup;
			children = (
				904B379029F5595200044372 /* SoundModel.swift */,
				90D4C0552A10F9CE0050B6FD /* ThemeModel.swift */,
			);
			path = Models;
			sourceTree = "<group>";
		};
		900D24362A1614FA002C304C /* ViewModels */ = {
			isa = PBXGroup;
			children = (
				904B379429F5598F00044372 /* AudioViewModel.swift */,
				904B379629F559A200044372 /* TimerViewModel.swift */,
				90F6C07B2A1543BF00855495 /* IconViewModel.swift */,
				909927A32A3337FC00CF7F19 /* TipViewModel.swift */,
			);
			path = ViewModels;
			sourceTree = "<group>";
		};
		904B377629F5592B00044372 = {
			isa = PBXGroup;
			children = (
				904B378129F5592B00044372 /* SleepMusic */,
				904B378029F5592B00044372 /* Products */,
				9099279D2A332EAA00CF7F19 /* Frameworks */,
			);
			sourceTree = "<group>";
		};
		904B378029F5592B00044372 /* Products */ = {
			isa = PBXGroup;
			children = (
				904B377F29F5592B00044372 /* SleepMusic.app */,
			);
			name = Products;
			sourceTree = "<group>";
		};
		904B378129F5592B00044372 /* SleepMusic */ = {
			isa = PBXGroup;
			children = (
				904B378229F5592B00044372 /* SleepMusicApp.swift */,
				904B37B429F55BEB00044372 /* Info.plist */,
				90454BA12A2D13C8006D2105 /* Products.plist */,
				900D24342A1614ED002C304C /* Models */,
				904B379A29F559E200044372 /* View */,
				900D24362A1614FA002C304C /* ViewModels */,
				90D4C04E2A10F8830050B6FD /* Themes */,
				904B37AD29F55B1A00044372 /* Sounds */,
				905D24FF2A13ED3C00CE72B5 /* Fonts */,
				904B378629F5592D00044372 /* Assets.xcassets */,
				904B378829F5592D00044372 /* Preview Content */,
				909927A02A332F2D00CF7F19 /* Products.storekit */,
			);
			path = SleepMusic;
			sourceTree = "<group>";
		};
		904B378829F5592D00044372 /* Preview Content */ = {
			isa = PBXGroup;
			children = (
				904B378929F5592D00044372 /* Preview Assets.xcassets */,
			);
			path = "Preview Content";
			sourceTree = "<group>";
		};
		904B379A29F559E200044372 /* View */ = {
			isa = PBXGroup;
			children = (
				904B378429F5592B00044372 /* ContentView.swift */,
				904B37A529F55A2400044372 /* ButtonsView.swift */,
				904B37A729F55A3000044372 /* PlayerView.swift */,
				904B379229F5596C00044372 /* PlaybackControlButton.swift */,
				90011E292A0D36A900BABE6B /* AirplayView.swift */,
				90B9A1642A0D6C4A00CF5350 /* SettingsView.swift */,
				90454B9A2A2CD4F7006D2105 /* TipView.swift */,
				90B9A1682A0E853900CF5350 /* ThemeView.swift */,
				90B9A1722A0E8FDA00CF5350 /* AppIconView.swift */,
				90B9A1762A0E900600CF5350 /* Privacyview.swift */,
				90B9A1662A0D768700CF5350 /* AboutView.swift */,
			);
			path = View;
			sourceTree = "<group>";
		};
		904B37AD29F55B1A00044372 /* Sounds */ = {
			isa = PBXGroup;
			children = (
				904E88C92A32FA1900CDE329 /* River.mp3 */,
				904E88D02A33006300CDE329 /* Waterfall.mp3 */,
				904E88CA2A32FA1900CDE329 /* WhiteNoise.mp3 */,
				904E88C82A32FA1900CDE329 /* WombSounds.mp3 */,
				904B37A929F55B0C00044372 /* Meditation.mp3 */,
				90D4E02F29FD14EC0072F00E /* Rain.mp3 */,
				90D4E03329FD15D40072F00E /* Fire.mp3 */,
				904B37B029F55B3400044372 /* Thunder.mp3 */,
				904B37B229F55B4200044372 /* Beach.mp3 */,
				90D4E03529FD16890072F00E /* WindChimes.mp3 */,
				90D4E03729FD17940072F00E /* ZenGong.mp3 */,
				90011E0B2A0C0AA600BABE6B /* Underwater.mp3 */,
				90B9A1782A0FC76F00CF5350 /* Keyboard.mp3 */,
				90B9A17A2A0FC77D00CF5350 /* Typewriter.mp3 */,
				90D4E02B29FD08D90072F00E /* Short.mp3 */,
			);
			path = Sounds;
			sourceTree = "<group>";
		};
		905D24FF2A13ED3C00CE72B5 /* Fonts */ = {
			isa = PBXGroup;
			children = (
				905D25022A13F03C00CE72B5 /* Parchment.ttf */,
				905D25002A13ED5500CE72B5 /* MedievalSharp-Regular.ttf */,
			);
			path = Fonts;
			sourceTree = "<group>";
		};
		9099279D2A332EAA00CF7F19 /* Frameworks */ = {
			isa = PBXGroup;
			children = (
				9099279E2A332EAA00CF7F19 /* StoreKit.framework */,
			);
			name = Frameworks;
			sourceTree = "<group>";
		};
		90D4C04E2A10F8830050B6FD /* Themes */ = {
			isa = PBXGroup;
			children = (
				90D4C04F2A10F89C0050B6FD /* ThemeColours.xcassets */,
				90D4C04C2A10F8800050B6FD /* Theme.swift */,
			);
			path = Themes;
			sourceTree = "<group>";
		};
/* End PBXGroup section */

/* Begin PBXNativeTarget section */
		904B377E29F5592B00044372 /* SleepMusic */ = {
			isa = PBXNativeTarget;
			buildConfigurationList = 904B378D29F5592D00044372 /* Build configuration list for PBXNativeTarget "SleepMusic" */;
			buildPhases = (
				904B377B29F5592B00044372 /* Sources */,
				904B377C29F5592B00044372 /* Frameworks */,
				904B377D29F5592B00044372 /* Resources */,
				90454BA52A2D151B006D2105 /* Embed Frameworks */,
			);
			buildRules = (
			);
			dependencies = (
			);
			name = SleepMusic;
			productName = SleepMusic;
			productReference = 904B377F29F5592B00044372 /* SleepMusic.app */;
			productType = "com.apple.product-type.application";
		};
/* End PBXNativeTarget section */

/* Begin PBXProject section */
		904B377729F5592B00044372 /* Project object */ = {
			isa = PBXProject;
			attributes = {
				BuildIndependentTargetsInParallel = 1;
				LastSwiftUpdateCheck = 1430;
				LastUpgradeCheck = 1430;
				TargetAttributes = {
					904B377E29F5592B00044372 = {
						CreatedOnToolsVersion = 14.3;
					};
				};
			};
			buildConfigurationList = 904B377A29F5592B00044372 /* Build configuration list for PBXProject "SleepMusic" */;
			compatibilityVersion = "Xcode 14.0";
			developmentRegion = en;
			hasScannedForEncodings = 0;
			knownRegions = (
				en,
				Base,
			);
			mainGroup = 904B377629F5592B00044372;
			productRefGroup = 904B378029F5592B00044372 /* Products */;
			projectDirPath = "";
			projectRoot = "";
			targets = (
				904B377E29F5592B00044372 /* SleepMusic */,
			);
		};
/* End PBXProject section */

/* Begin PBXResourcesBuildPhase section */
		904B377D29F5592B00044372 /* Resources */ = {
			isa = PBXResourcesBuildPhase;
			buildActionMask = 2147483647;
			files = (
				904B37B129F55B3400044372 /* Thunder.mp3 in Resources */,
				904B378A29F5592D00044372 /* Preview Assets.xcassets in Resources */,
				90D4E03029FD14EC0072F00E /* Rain.mp3 in Resources */,
				90011E0C2A0C0AA600BABE6B /* Underwater.mp3 in Resources */,
				904B37B329F55B4200044372 /* Beach.mp3 in Resources */,
				904B378729F5592D00044372 /* Assets.xcassets in Resources */,
				904E88CB2A32FA1900CDE329 /* WombSounds.mp3 in Resources */,
				904E88CC2A32FA1900CDE329 /* River.mp3 in Resources */,
				904B37AA29F55B0C00044372 /* Meditation.mp3 in Resources */,
				905D25012A13ED5500CE72B5 /* MedievalSharp-Regular.ttf in Resources */,
				90D4E03429FD15D40072F00E /* Fire.mp3 in Resources */,
				90D4E03629FD16890072F00E /* WindChimes.mp3 in Resources */,
				904E88CD2A32FA1900CDE329 /* WhiteNoise.mp3 in Resources */,
				904E88D12A33006300CDE329 /* Waterfall.mp3 in Resources */,
				90D4C0502A10F89C0050B6FD /* ThemeColours.xcassets in Resources */,
				905D25032A13F03C00CE72B5 /* Parchment.ttf in Resources */,
				90D4E02C29FD08D90072F00E /* Short.mp3 in Resources */,
				90454BA22A2D13C8006D2105 /* Products.plist in Resources */,
				909927A12A332F2D00CF7F19 /* Products.storekit in Resources */,
				90D4E03829FD17940072F00E /* ZenGong.mp3 in Resources */,
				90B9A1792A0FC76F00CF5350 /* Keyboard.mp3 in Resources */,
				90B9A17B2A0FC77D00CF5350 /* Typewriter.mp3 in Resources */,
			);
			runOnlyForDeploymentPostprocessing = 0;
		};
/* End PBXResourcesBuildPhase section */

/* Begin PBXSourcesBuildPhase section */
		904B377B29F5592B00044372 /* Sources */ = {
			isa = PBXSourcesBuildPhase;
			buildActionMask = 2147483647;
			files = (
				904B378529F5592B00044372 /* ContentView.swift in Sources */,
				904B379129F5595200044372 /* SoundModel.swift in Sources */,
				904B37A629F55A2400044372 /* ButtonsView.swift in Sources */,
				904B379329F5596C00044372 /* PlaybackControlButton.swift in Sources */,
				90B9A1672A0D768700CF5350 /* AboutView.swift in Sources */,
				909927A42A3337FC00CF7F19 /* TipViewModel.swift in Sources */,
				90D4C04D2A10F8800050B6FD /* Theme.swift in Sources */,
				90B9A1732A0E8FDA00CF5350 /* AppIconView.swift in Sources */,
				904B379729F559A200044372 /* TimerViewModel.swift in Sources */,
				90454B9B2A2CD4F7006D2105 /* TipView.swift in Sources */,
				904B37A829F55A3000044372 /* PlayerView.swift in Sources */,
				90B9A1692A0E853900CF5350 /* ThemeView.swift in Sources */,
				904B379529F5598F00044372 /* AudioViewModel.swift in Sources */,
				904B378329F5592B00044372 /* SleepMusicApp.swift in Sources */,
				90B9A1772A0E900600CF5350 /* Privacyview.swift in Sources */,
				90B9A1652A0D6C4A00CF5350 /* SettingsView.swift in Sources */,
				90D4C0562A10F9CE0050B6FD /* ThemeModel.swift in Sources */,
				90011E2A2A0D36A900BABE6B /* AirplayView.swift in Sources */,
				90F6C07C2A1543BF00855495 /* IconViewModel.swift in Sources */,
			);
			runOnlyForDeploymentPostprocessing = 0;
		};
/* End PBXSourcesBuildPhase section */

/* Begin XCBuildConfiguration section */
		904B378B29F5592D00044372 /* Debug */ = {
			isa = XCBuildConfiguration;
			buildSettings = {
				ALWAYS_SEARCH_USER_PATHS = NO;
				CLANG_ANALYZER_NONNULL = YES;
				CLANG_ANALYZER_NUMBER_OBJECT_CONVERSION = YES_AGGRESSIVE;
				CLANG_CXX_LANGUAGE_STANDARD = "gnu++20";
				CLANG_ENABLE_MODULES = YES;
				CLANG_ENABLE_OBJC_ARC = YES;
				CLANG_ENABLE_OBJC_WEAK = YES;
				CLANG_WARN_BLOCK_CAPTURE_AUTORELEASING = YES;
				CLANG_WARN_BOOL_CONVERSION = YES;
				CLANG_WARN_COMMA = YES;
				CLANG_WARN_CONSTANT_CONVERSION = YES;
				CLANG_WARN_DEPRECATED_OBJC_IMPLEMENTATIONS = YES;
				CLANG_WARN_DIRECT_OBJC_ISA_USAGE = YES_ERROR;
				CLANG_WARN_DOCUMENTATION_COMMENTS = YES;
				CLANG_WARN_EMPTY_BODY = YES;
				CLANG_WARN_ENUM_CONVERSION = YES;
				CLANG_WARN_INFINITE_RECURSION = YES;
				CLANG_WARN_INT_CONVERSION = YES;
				CLANG_WARN_NON_LITERAL_NULL_CONVERSION = YES;
				CLANG_WARN_OBJC_IMPLICIT_RETAIN_SELF = YES;
				CLANG_WARN_OBJC_LITERAL_CONVERSION = YES;
				CLANG_WARN_OBJC_ROOT_CLASS = YES_ERROR;
				CLANG_WARN_QUOTED_INCLUDE_IN_FRAMEWORK_HEADER = YES;
				CLANG_WARN_RANGE_LOOP_ANALYSIS = YES;
				CLANG_WARN_STRICT_PROTOTYPES = YES;
				CLANG_WARN_SUSPICIOUS_MOVE = YES;
				CLANG_WARN_UNGUARDED_AVAILABILITY = YES_AGGRESSIVE;
				CLANG_WARN_UNREACHABLE_CODE = YES;
				CLANG_WARN__DUPLICATE_METHOD_MATCH = YES;
				COPY_PHASE_STRIP = NO;
				DEBUG_INFORMATION_FORMAT = dwarf;
				ENABLE_STRICT_OBJC_MSGSEND = YES;
				ENABLE_TESTABILITY = YES;
				GCC_C_LANGUAGE_STANDARD = gnu11;
				GCC_DYNAMIC_NO_PIC = NO;
				GCC_NO_COMMON_BLOCKS = YES;
				GCC_OPTIMIZATION_LEVEL = 0;
				GCC_PREPROCESSOR_DEFINITIONS = (
					"DEBUG=1",
					"$(inherited)",
				);
				GCC_WARN_64_TO_32_BIT_CONVERSION = YES;
				GCC_WARN_ABOUT_RETURN_TYPE = YES_ERROR;
				GCC_WARN_UNDECLARED_SELECTOR = YES;
				GCC_WARN_UNINITIALIZED_AUTOS = YES_AGGRESSIVE;
				GCC_WARN_UNUSED_FUNCTION = YES;
				GCC_WARN_UNUSED_VARIABLE = YES;
				IPHONEOS_DEPLOYMENT_TARGET = 16.4;
				MTL_ENABLE_DEBUG_INFO = INCLUDE_SOURCE;
				MTL_FAST_MATH = YES;
				ONLY_ACTIVE_ARCH = YES;
				SDKROOT = iphoneos;
				SWIFT_ACTIVE_COMPILATION_CONDITIONS = DEBUG;
				SWIFT_OPTIMIZATION_LEVEL = "-Onone";
			};
			name = Debug;
		};
		904B378C29F5592D00044372 /* Release */ = {
			isa = XCBuildConfiguration;
			buildSettings = {
				ALWAYS_SEARCH_USER_PATHS = NO;
				CLANG_ANALYZER_NONNULL = YES;
				CLANG_ANALYZER_NUMBER_OBJECT_CONVERSION = YES_AGGRESSIVE;
				CLANG_CXX_LANGUAGE_STANDARD = "gnu++20";
				CLANG_ENABLE_MODULES = YES;
				CLANG_ENABLE_OBJC_ARC = YES;
				CLANG_ENABLE_OBJC_WEAK = YES;
				CLANG_WARN_BLOCK_CAPTURE_AUTORELEASING = YES;
				CLANG_WARN_BOOL_CONVERSION = YES;
				CLANG_WARN_COMMA = YES;
				CLANG_WARN_CONSTANT_CONVERSION = YES;
				CLANG_WARN_DEPRECATED_OBJC_IMPLEMENTATIONS = YES;
				CLANG_WARN_DIRECT_OBJC_ISA_USAGE = YES_ERROR;
				CLANG_WARN_DOCUMENTATION_COMMENTS = YES;
				CLANG_WARN_EMPTY_BODY = YES;
				CLANG_WARN_ENUM_CONVERSION = YES;
				CLANG_WARN_INFINITE_RECURSION = YES;
				CLANG_WARN_INT_CONVERSION = YES;
				CLANG_WARN_NON_LITERAL_NULL_CONVERSION = YES;
				CLANG_WARN_OBJC_IMPLICIT_RETAIN_SELF = YES;
				CLANG_WARN_OBJC_LITERAL_CONVERSION = YES;
				CLANG_WARN_OBJC_ROOT_CLASS = YES_ERROR;
				CLANG_WARN_QUOTED_INCLUDE_IN_FRAMEWORK_HEADER = YES;
				CLANG_WARN_RANGE_LOOP_ANALYSIS = YES;
				CLANG_WARN_STRICT_PROTOTYPES = YES;
				CLANG_WARN_SUSPICIOUS_MOVE = YES;
				CLANG_WARN_UNGUARDED_AVAILABILITY = YES_AGGRESSIVE;
				CLANG_WARN_UNREACHABLE_CODE = YES;
				CLANG_WARN__DUPLICATE_METHOD_MATCH = YES;
				COPY_PHASE_STRIP = NO;
				DEBUG_INFORMATION_FORMAT = "dwarf-with-dsym";
				ENABLE_NS_ASSERTIONS = NO;
				ENABLE_STRICT_OBJC_MSGSEND = YES;
				GCC_C_LANGUAGE_STANDARD = gnu11;
				GCC_NO_COMMON_BLOCKS = YES;
				GCC_WARN_64_TO_32_BIT_CONVERSION = YES;
				GCC_WARN_ABOUT_RETURN_TYPE = YES_ERROR;
				GCC_WARN_UNDECLARED_SELECTOR = YES;
				GCC_WARN_UNINITIALIZED_AUTOS = YES_AGGRESSIVE;
				GCC_WARN_UNUSED_FUNCTION = YES;
				GCC_WARN_UNUSED_VARIABLE = YES;
				IPHONEOS_DEPLOYMENT_TARGET = 16.4;
				MTL_ENABLE_DEBUG_INFO = NO;
				MTL_FAST_MATH = YES;
				SDKROOT = iphoneos;
				SWIFT_COMPILATION_MODE = wholemodule;
				SWIFT_OPTIMIZATION_LEVEL = "-O";
				VALIDATE_PRODUCT = YES;
			};
			name = Release;
		};
		904B378E29F5592D00044372 /* Debug */ = {
			isa = XCBuildConfiguration;
			buildSettings = {
				ASSETCATALOG_COMPILER_ALTERNATE_APPICON_NAMES = "";
				ASSETCATALOG_COMPILER_APPICON_NAME = AppIcon;
				ASSETCATALOG_COMPILER_INCLUDE_ALL_APPICON_ASSETS = YES;
				CODE_SIGN_STYLE = Automatic;
				CURRENT_PROJECT_VERSION = 2;
				DEVELOPMENT_ASSET_PATHS = "\"SleepMusic/Preview Content\"";
				DEVELOPMENT_TEAM = FQPW6GRJ3U;
				ENABLE_PREVIEWS = YES;
				GENERATE_INFOPLIST_FILE = YES;
				INFOPLIST_FILE = SleepMusic/Info.plist;
				INFOPLIST_KEY_CFBundleDisplayName = Hypnos;
				INFOPLIST_KEY_LSApplicationCategoryType = "public.app-category.healthcare-fitness";
				INFOPLIST_KEY_UIApplicationSceneManifest_Generation = YES;
				INFOPLIST_KEY_UIApplicationSupportsIndirectInputEvents = YES;
				INFOPLIST_KEY_UILaunchScreen_Generation = YES;
				INFOPLIST_KEY_UIStatusBarStyle = UIStatusBarStyleDarkContent;
				INFOPLIST_KEY_UISupportedInterfaceOrientations = UIInterfaceOrientationPortrait;
				INFOPLIST_KEY_UISupportedInterfaceOrientations_iPad = "UIInterfaceOrientationLandscapeLeft UIInterfaceOrientationLandscapeRight UIInterfaceOrientationPortrait";
				INFOPLIST_KEY_UIUserInterfaceStyle = Dark;
				LD_RUNPATH_SEARCH_PATHS = (
					"$(inherited)",
					"@executable_path/Frameworks",
				);
				MARKETING_VERSION = 1.1;
				PRODUCT_BUNDLE_IDENTIFIER = com.JPVoogd.Hypnos;
				PRODUCT_NAME = "$(TARGET_NAME)";
				SUPPORTED_PLATFORMS = "iphoneos iphonesimulator";
				SUPPORTS_MACCATALYST = NO;
				SUPPORTS_MAC_DESIGNED_FOR_IPHONE_IPAD = NO;
				SWIFT_EMIT_LOC_STRINGS = YES;
				SWIFT_VERSION = 5.0;
				TARGETED_DEVICE_FAMILY = 1;
			};
			name = Debug;
		};
		904B378F29F5592D00044372 /* Release */ = {
			isa = XCBuildConfiguration;
			buildSettings = {
				ASSETCATALOG_COMPILER_ALTERNATE_APPICON_NAMES = "";
				ASSETCATALOG_COMPILER_APPICON_NAME = AppIcon;
				ASSETCATALOG_COMPILER_INCLUDE_ALL_APPICON_ASSETS = YES;
				CODE_SIGN_STYLE = Automatic;
				CURRENT_PROJECT_VERSION = 2;
				DEVELOPMENT_ASSET_PATHS = "\"SleepMusic/Preview Content\"";
				DEVELOPMENT_TEAM = FQPW6GRJ3U;
				ENABLE_PREVIEWS = YES;
				GENERATE_INFOPLIST_FILE = YES;
				INFOPLIST_FILE = SleepMusic/Info.plist;
				INFOPLIST_KEY_CFBundleDisplayName = Hypnos;
				INFOPLIST_KEY_LSApplicationCategoryType = "public.app-category.healthcare-fitness";
				INFOPLIST_KEY_UIApplicationSceneManifest_Generation = YES;
				INFOPLIST_KEY_UIApplicationSupportsIndirectInputEvents = YES;
				INFOPLIST_KEY_UILaunchScreen_Generation = YES;
				INFOPLIST_KEY_UIStatusBarStyle = UIStatusBarStyleDarkContent;
				INFOPLIST_KEY_UISupportedInterfaceOrientations = UIInterfaceOrientationPortrait;
				INFOPLIST_KEY_UISupportedInterfaceOrientations_iPad = "UIInterfaceOrientationLandscapeLeft UIInterfaceOrientationLandscapeRight UIInterfaceOrientationPortrait";
				INFOPLIST_KEY_UIUserInterfaceStyle = Dark;
				LD_RUNPATH_SEARCH_PATHS = (
					"$(inherited)",
					"@executable_path/Frameworks",
				);
				MARKETING_VERSION = 1.1;
				PRODUCT_BUNDLE_IDENTIFIER = com.JPVoogd.Hypnos;
				PRODUCT_NAME = "$(TARGET_NAME)";
				SUPPORTED_PLATFORMS = "iphoneos iphonesimulator";
				SUPPORTS_MACCATALYST = NO;
				SUPPORTS_MAC_DESIGNED_FOR_IPHONE_IPAD = NO;
				SWIFT_EMIT_LOC_STRINGS = YES;
				SWIFT_VERSION = 5.0;
				TARGETED_DEVICE_FAMILY = 1;
			};
			name = Release;
		};
/* End XCBuildConfiguration section */

/* Begin XCConfigurationList section */
		904B377A29F5592B00044372 /* Build configuration list for PBXProject "SleepMusic" */ = {
			isa = XCConfigurationList;
			buildConfigurations = (
				904B378B29F5592D00044372 /* Debug */,
				904B378C29F5592D00044372 /* Release */,
			);
			defaultConfigurationIsVisible = 0;
			defaultConfigurationName = Release;
		};
		904B378D29F5592D00044372 /* Build configuration list for PBXNativeTarget "SleepMusic" */ = {
			isa = XCConfigurationList;
			buildConfigurations = (
				904B378E29F5592D00044372 /* Debug */,
				904B378F29F5592D00044372 /* Release */,
			);
			defaultConfigurationIsVisible = 0;
			defaultConfigurationName = Release;
		};
/* End XCConfigurationList section */
	};
	rootObject = 904B377729F5592B00044372 /* Project object */;
}
