// !$*UTF8*$!
{
	archiveVersion = 1;
	classes = {
	};
	objectVersion = 56;
	objects = {

/* Begin PBXBuildFile section */
		904B378329F5592B00044372 /* SleepMusicApp.swift in Sources */ = {isa = PBXBuildFile; fileRef = 904B378229F5592B00044372 /* SleepMusicApp.swift */; };
		904B378529F5592B00044372 /* ContentView.swift in Sources */ = {isa = PBXBuildFile; fileRef = 904B378429F5592B00044372 /* ContentView.swift */; };
		904B378729F5592D00044372 /* Assets.xcassets in Resources */ = {isa = PBXBuildFile; fileRef = 904B378629F5592D00044372 /* Assets.xcassets */; };
		904B378A29F5592D00044372 /* Preview Assets.xcassets in Resources */ = {isa = PBXBuildFile; fileRef = 904B378929F5592D00044372 /* Preview Assets.xcassets */; };
		904B379129F5595200044372 /* SoundViewModel.swift in Sources */ = {isa = PBXBuildFile; fileRef = 904B379029F5595200044372 /* SoundViewModel.swift */; };
		904B379329F5596C00044372 /* PlaybackControlButton.swift in Sources */ = {isa = PBXBuildFile; fileRef = 904B379229F5596C00044372 /* PlaybackControlButton.swift */; };
		904B379529F5598F00044372 /* AudioManager.swift in Sources */ = {isa = PBXBuildFile; fileRef = 904B379429F5598F00044372 /* AudioManager.swift */; };
		904B379729F559A200044372 /* TimerManager.swift in Sources */ = {isa = PBXBuildFile; fileRef = 904B379629F559A200044372 /* TimerManager.swift */; };
		904B379929F559C900044372 /* Extension.swift in Sources */ = {isa = PBXBuildFile; fileRef = 904B379829F559C900044372 /* Extension.swift */; };
		904B379C29F559EF00044372 /* MeditationView.swift in Sources */ = {isa = PBXBuildFile; fileRef = 904B379B29F559EF00044372 /* MeditationView.swift */; };
		904B379E29F559FA00044372 /* FireView.swift in Sources */ = {isa = PBXBuildFile; fileRef = 904B379D29F559FA00044372 /* FireView.swift */; };
		904B37A029F55A0300044372 /* RainView.swift in Sources */ = {isa = PBXBuildFile; fileRef = 904B379F29F55A0300044372 /* RainView.swift */; };
		904B37A229F55A0D00044372 /* ThunderView.swift in Sources */ = {isa = PBXBuildFile; fileRef = 904B37A129F55A0D00044372 /* ThunderView.swift */; };
		904B37A429F55A1700044372 /* BeachView.swift in Sources */ = {isa = PBXBuildFile; fileRef = 904B37A329F55A1700044372 /* BeachView.swift */; };
		904B37A629F55A2400044372 /* ButtonsView.swift in Sources */ = {isa = PBXBuildFile; fileRef = 904B37A529F55A2400044372 /* ButtonsView.swift */; };
		904B37A829F55A3000044372 /* PlayerView.swift in Sources */ = {isa = PBXBuildFile; fileRef = 904B37A729F55A3000044372 /* PlayerView.swift */; };
		904B37AA29F55B0C00044372 /* Meditation.mp3 in Resources */ = {isa = PBXBuildFile; fileRef = 904B37A929F55B0C00044372 /* Meditation.mp3 */; };
		904B37AC29F55B1600044372 /* Rain.mp3 in Resources */ = {isa = PBXBuildFile; fileRef = 904B37AB29F55B1600044372 /* Rain.mp3 */; };
		904B37AF29F55B2C00044372 /* Fire.mp3 in Resources */ = {isa = PBXBuildFile; fileRef = 904B37AE29F55B2C00044372 /* Fire.mp3 */; };
		904B37B129F55B3400044372 /* Thunder.mp3 in Resources */ = {isa = PBXBuildFile; fileRef = 904B37B029F55B3400044372 /* Thunder.mp3 */; };
		904B37B329F55B4200044372 /* Beach.mp3 in Resources */ = {isa = PBXBuildFile; fileRef = 904B37B229F55B4200044372 /* Beach.mp3 */; };
/* End PBXBuildFile section */

/* Begin PBXFileReference section */
		904B377F29F5592B00044372 /* SleepMusic.app */ = {isa = PBXFileReference; explicitFileType = wrapper.application; includeInIndex = 0; path = SleepMusic.app; sourceTree = BUILT_PRODUCTS_DIR; };
		904B378229F5592B00044372 /* SleepMusicApp.swift */ = {isa = PBXFileReference; lastKnownFileType = sourcecode.swift; path = SleepMusicApp.swift; sourceTree = "<group>"; };
		904B378429F5592B00044372 /* ContentView.swift */ = {isa = PBXFileReference; lastKnownFileType = sourcecode.swift; path = ContentView.swift; sourceTree = "<group>"; };
		904B378629F5592D00044372 /* Assets.xcassets */ = {isa = PBXFileReference; lastKnownFileType = folder.assetcatalog; path = Assets.xcassets; sourceTree = "<group>"; };
		904B378929F5592D00044372 /* Preview Assets.xcassets */ = {isa = PBXFileReference; lastKnownFileType = folder.assetcatalog; path = "Preview Assets.xcassets"; sourceTree = "<group>"; };
		904B379029F5595200044372 /* SoundViewModel.swift */ = {isa = PBXFileReference; lastKnownFileType = sourcecode.swift; path = SoundViewModel.swift; sourceTree = "<group>"; };
		904B379229F5596C00044372 /* PlaybackControlButton.swift */ = {isa = PBXFileReference; lastKnownFileType = sourcecode.swift; path = PlaybackControlButton.swift; sourceTree = "<group>"; };
		904B379429F5598F00044372 /* AudioManager.swift */ = {isa = PBXFileReference; lastKnownFileType = sourcecode.swift; path = AudioManager.swift; sourceTree = "<group>"; };
		904B379629F559A200044372 /* TimerManager.swift */ = {isa = PBXFileReference; lastKnownFileType = sourcecode.swift; path = TimerManager.swift; sourceTree = "<group>"; };
		904B379829F559C900044372 /* Extension.swift */ = {isa = PBXFileReference; lastKnownFileType = sourcecode.swift; path = Extension.swift; sourceTree = "<group>"; };
		904B379B29F559EF00044372 /* MeditationView.swift */ = {isa = PBXFileReference; lastKnownFileType = sourcecode.swift; path = MeditationView.swift; sourceTree = "<group>"; };
		904B379D29F559FA00044372 /* FireView.swift */ = {isa = PBXFileReference; lastKnownFileType = sourcecode.swift; path = FireView.swift; sourceTree = "<group>"; };
		904B379F29F55A0300044372 /* RainView.swift */ = {isa = PBXFileReference; lastKnownFileType = sourcecode.swift; path = RainView.swift; sourceTree = "<group>"; };
		904B37A129F55A0D00044372 /* ThunderView.swift */ = {isa = PBXFileReference; lastKnownFileType = sourcecode.swift; path = ThunderView.swift; sourceTree = "<group>"; };
		904B37A329F55A1700044372 /* BeachView.swift */ = {isa = PBXFileReference; lastKnownFileType = sourcecode.swift; path = BeachView.swift; sourceTree = "<group>"; };
		904B37A529F55A2400044372 /* ButtonsView.swift */ = {isa = PBXFileReference; lastKnownFileType = sourcecode.swift; path = ButtonsView.swift; sourceTree = "<group>"; };
		904B37A729F55A3000044372 /* PlayerView.swift */ = {isa = PBXFileReference; lastKnownFileType = sourcecode.swift; path = PlayerView.swift; sourceTree = "<group>"; };
		904B37A929F55B0C00044372 /* Meditation.mp3 */ = {isa = PBXFileReference; lastKnownFileType = audio.mp3; path = Meditation.mp3; sourceTree = "<group>"; };
		904B37AB29F55B1600044372 /* Rain.mp3 */ = {isa = PBXFileReference; lastKnownFileType = audio.mp3; path = Rain.mp3; sourceTree = "<group>"; };
		904B37AE29F55B2C00044372 /* Fire.mp3 */ = {isa = PBXFileReference; lastKnownFileType = audio.mp3; path = Fire.mp3; sourceTree = "<group>"; };
		904B37B029F55B3400044372 /* Thunder.mp3 */ = {isa = PBXFileReference; lastKnownFileType = audio.mp3; path = Thunder.mp3; sourceTree = "<group>"; };
		904B37B229F55B4200044372 /* Beach.mp3 */ = {isa = PBXFileReference; lastKnownFileType = audio.mp3; path = Beach.mp3; sourceTree = "<group>"; };
		904B37B429F55BEB00044372 /* Info.plist */ = {isa = PBXFileReference; lastKnownFileType = text.plist; path = Info.plist; sourceTree = "<group>"; };
/* End PBXFileReference section */

/* Begin PBXFrameworksBuildPhase section */
		904B377C29F5592B00044372 /* Frameworks */ = {
			isa = PBXFrameworksBuildPhase;
			buildActionMask = 2147483647;
			files = (
			);
			runOnlyForDeploymentPostprocessing = 0;
		};
/* End PBXFrameworksBuildPhase section */

/* Begin PBXGroup section */
		904B377629F5592B00044372 = {
			isa = PBXGroup;
			children = (
				904B378129F5592B00044372 /* SleepMusic */,
				904B378029F5592B00044372 /* Products */,
			);
			sourceTree = "<group>";
		};
		904B378029F5592B00044372 /* Products */ = {
			isa = PBXGroup;
			children = (
				904B377F29F5592B00044372 /* SleepMusic.app */,
			);
			name = Products;
			sourceTree = "<group>";
		};
		904B378129F5592B00044372 /* SleepMusic */ = {
			isa = PBXGroup;
			children = (
				904B37B429F55BEB00044372 /* Info.plist */,
				904B378229F5592B00044372 /* SleepMusicApp.swift */,
				904B379A29F559E200044372 /* View */,
				904B379029F5595200044372 /* SoundViewModel.swift */,
				904B379229F5596C00044372 /* PlaybackControlButton.swift */,
				904B379429F5598F00044372 /* AudioManager.swift */,
				904B379629F559A200044372 /* TimerManager.swift */,
				904B379829F559C900044372 /* Extension.swift */,
				904B378629F5592D00044372 /* Assets.xcassets */,
				904B37AD29F55B1A00044372 /* Sounds */,
				904B378829F5592D00044372 /* Preview Content */,
			);
			path = SleepMusic;
			sourceTree = "<group>";
		};
		904B378829F5592D00044372 /* Preview Content */ = {
			isa = PBXGroup;
			children = (
				904B378929F5592D00044372 /* Preview Assets.xcassets */,
			);
			path = "Preview Content";
			sourceTree = "<group>";
		};
		904B379A29F559E200044372 /* View */ = {
			isa = PBXGroup;
			children = (
				904B378429F5592B00044372 /* ContentView.swift */,
				904B379B29F559EF00044372 /* MeditationView.swift */,
				904B379D29F559FA00044372 /* FireView.swift */,
				904B379F29F55A0300044372 /* RainView.swift */,
				904B37A129F55A0D00044372 /* ThunderView.swift */,
				904B37A329F55A1700044372 /* BeachView.swift */,
				904B37A529F55A2400044372 /* ButtonsView.swift */,
				904B37A729F55A3000044372 /* PlayerView.swift */,
			);
			path = View;
			sourceTree = "<group>";
		};
		904B37AD29F55B1A00044372 /* Sounds */ = {
			isa = PBXGroup;
			children = (
				904B37A929F55B0C00044372 /* Meditation.mp3 */,
				904B37AB29F55B1600044372 /* Rain.mp3 */,
				904B37AE29F55B2C00044372 /* Fire.mp3 */,
				904B37B029F55B3400044372 /* Thunder.mp3 */,
				904B37B229F55B4200044372 /* Beach.mp3 */,
			);
			path = Sounds;
			sourceTree = "<group>";
		};
/* End PBXGroup section */

/* Begin PBXNativeTarget section */
		904B377E29F5592B00044372 /* SleepMusic */ = {
			isa = PBXNativeTarget;
			buildConfigurationList = 904B378D29F5592D00044372 /* Build configuration list for PBXNativeTarget "SleepMusic" */;
			buildPhases = (
				904B377B29F5592B00044372 /* Sources */,
				904B377C29F5592B00044372 /* Frameworks */,
				904B377D29F5592B00044372 /* Resources */,
			);
			buildRules = (
			);
			dependencies = (
			);
			name = SleepMusic;
			productName = SleepMusic;
			productReference = 904B377F29F5592B00044372 /* SleepMusic.app */;
			productType = "com.apple.product-type.application";
		};
/* End PBXNativeTarget section */

/* Begin PBXProject section */
		904B377729F5592B00044372 /* Project object */ = {
			isa = PBXProject;
			attributes = {
				BuildIndependentTargetsInParallel = 1;
				LastSwiftUpdateCheck = 1430;
				LastUpgradeCheck = 1430;
				TargetAttributes = {
					904B377E29F5592B00044372 = {
						CreatedOnToolsVersion = 14.3;
					};
				};
			};
			buildConfigurationList = 904B377A29F5592B00044372 /* Build configuration list for PBXProject "SleepMusic" */;
			compatibilityVersion = "Xcode 14.0";
			developmentRegion = en;
			hasScannedForEncodings = 0;
			knownRegions = (
				en,
				Base,
			);
			mainGroup = 904B377629F5592B00044372;
			productRefGroup = 904B378029F5592B00044372 /* Products */;
			projectDirPath = "";
			projectRoot = "";
			targets = (
				904B377E29F5592B00044372 /* SleepMusic */,
			);
		};
/* End PBXProject section */

/* Begin PBXResourcesBuildPhase section */
		904B377D29F5592B00044372 /* Resources */ = {
			isa = PBXResourcesBuildPhase;
			buildActionMask = 2147483647;
			files = (
				904B37AC29F55B1600044372 /* Rain.mp3 in Resources */,
				904B37B129F55B3400044372 /* Thunder.mp3 in Resources */,
				904B378A29F5592D00044372 /* Preview Assets.xcassets in Resources */,
				904B37B329F55B4200044372 /* Beach.mp3 in Resources */,
				904B378729F5592D00044372 /* Assets.xcassets in Resources */,
				904B37AA29F55B0C00044372 /* Meditation.mp3 in Resources */,
				904B37AF29F55B2C00044372 /* Fire.mp3 in Resources */,
			);
			runOnlyForDeploymentPostprocessing = 0;
		};
/* End PBXResourcesBuildPhase section */

/* Begin PBXSourcesBuildPhase section */
		904B377B29F5592B00044372 /* Sources */ = {
			isa = PBXSourcesBuildPhase;
			buildActionMask = 2147483647;
			files = (
				904B37A429F55A1700044372 /* BeachView.swift in Sources */,
				904B379E29F559FA00044372 /* FireView.swift in Sources */,
				904B379C29F559EF00044372 /* MeditationView.swift in Sources */,
				904B37A029F55A0300044372 /* RainView.swift in Sources */,
				904B378529F5592B00044372 /* ContentView.swift in Sources */,
				904B379129F5595200044372 /* SoundViewModel.swift in Sources */,
				904B37A629F55A2400044372 /* ButtonsView.swift in Sources */,
				904B379329F5596C00044372 /* PlaybackControlButton.swift in Sources */,
				904B379729F559A200044372 /* TimerManager.swift in Sources */,
				904B37A829F55A3000044372 /* PlayerView.swift in Sources */,
				904B379529F5598F00044372 /* AudioManager.swift in Sources */,
				904B37A229F55A0D00044372 /* ThunderView.swift in Sources */,
				904B378329F5592B00044372 /* SleepMusicApp.swift in Sources */,
				904B379929F559C900044372 /* Extension.swift in Sources */,
			);
			runOnlyForDeploymentPostprocessing = 0;
		};
/* End PBXSourcesBuildPhase section */

/* Begin XCBuildConfiguration section */
		904B378B29F5592D00044372 /* Debug */ = {
			isa = XCBuildConfiguration;
			buildSettings = {
				ALWAYS_SEARCH_USER_PATHS = NO;
				CLANG_ANALYZER_NONNULL = YES;
				CLANG_ANALYZER_NUMBER_OBJECT_CONVERSION = YES_AGGRESSIVE;
				CLANG_CXX_LANGUAGE_STANDARD = "gnu++20";
				CLANG_ENABLE_MODULES = YES;
				CLANG_ENABLE_OBJC_ARC = YES;
				CLANG_ENABLE_OBJC_WEAK = YES;
				CLANG_WARN_BLOCK_CAPTURE_AUTORELEASING = YES;
				CLANG_WARN_BOOL_CONVERSION = YES;
				CLANG_WARN_COMMA = YES;
				CLANG_WARN_CONSTANT_CONVERSION = YES;
				CLANG_WARN_DEPRECATED_OBJC_IMPLEMENTATIONS = YES;
				CLANG_WARN_DIRECT_OBJC_ISA_USAGE = YES_ERROR;
				CLANG_WARN_DOCUMENTATION_COMMENTS = YES;
				CLANG_WARN_EMPTY_BODY = YES;
				CLANG_WARN_ENUM_CONVERSION = YES;
				CLANG_WARN_INFINITE_RECURSION = YES;
				CLANG_WARN_INT_CONVERSION = YES;
				CLANG_WARN_NON_LITERAL_NULL_CONVERSION = YES;
				CLANG_WARN_OBJC_IMPLICIT_RETAIN_SELF = YES;
				CLANG_WARN_OBJC_LITERAL_CONVERSION = YES;
				CLANG_WARN_OBJC_ROOT_CLASS = YES_ERROR;
				CLANG_WARN_QUOTED_INCLUDE_IN_FRAMEWORK_HEADER = YES;
				CLANG_WARN_RANGE_LOOP_ANALYSIS = YES;
				CLANG_WARN_STRICT_PROTOTYPES = YES;
				CLANG_WARN_SUSPICIOUS_MOVE = YES;
				CLANG_WARN_UNGUARDED_AVAILABILITY = YES_AGGRESSIVE;
				CLANG_WARN_UNREACHABLE_CODE = YES;
				CLANG_WARN__DUPLICATE_METHOD_MATCH = YES;
				COPY_PHASE_STRIP = NO;
				DEBUG_INFORMATION_FORMAT = dwarf;
				ENABLE_STRICT_OBJC_MSGSEND = YES;
				ENABLE_TESTABILITY = YES;
				GCC_C_LANGUAGE_STANDARD = gnu11;
				GCC_DYNAMIC_NO_PIC = NO;
				GCC_NO_COMMON_BLOCKS = YES;
				GCC_OPTIMIZATION_LEVEL = 0;
				GCC_PREPROCESSOR_DEFINITIONS = (
					"DEBUG=1",
					"$(inherited)",
				);
				GCC_WARN_64_TO_32_BIT_CONVERSION = YES;
				GCC_WARN_ABOUT_RETURN_TYPE = YES_ERROR;
				GCC_WARN_UNDECLARED_SELECTOR = YES;
				GCC_WARN_UNINITIALIZED_AUTOS = YES_AGGRESSIVE;
				GCC_WARN_UNUSED_FUNCTION = YES;
				GCC_WARN_UNUSED_VARIABLE = YES;
				IPHONEOS_DEPLOYMENT_TARGET = 16.4;
				MTL_ENABLE_DEBUG_INFO = INCLUDE_SOURCE;
				MTL_FAST_MATH = YES;
				ONLY_ACTIVE_ARCH = YES;
				SDKROOT = iphoneos;
				SWIFT_ACTIVE_COMPILATION_CONDITIONS = DEBUG;
				SWIFT_OPTIMIZATION_LEVEL = "-Onone";
			};
			name = Debug;
		};
		904B378C29F5592D00044372 /* Release */ = {
			isa = XCBuildConfiguration;
			buildSettings = {
				ALWAYS_SEARCH_USER_PATHS = NO;
				CLANG_ANALYZER_NONNULL = YES;
				CLANG_ANALYZER_NUMBER_OBJECT_CONVERSION = YES_AGGRESSIVE;
				CLANG_CXX_LANGUAGE_STANDARD = "gnu++20";
				CLANG_ENABLE_MODULES = YES;
				CLANG_ENABLE_OBJC_ARC = YES;
				CLANG_ENABLE_OBJC_WEAK = YES;
				CLANG_WARN_BLOCK_CAPTURE_AUTORELEASING = YES;
				CLANG_WARN_BOOL_CONVERSION = YES;
				CLANG_WARN_COMMA = YES;
				CLANG_WARN_CONSTANT_CONVERSION = YES;
				CLANG_WARN_DEPRECATED_OBJC_IMPLEMENTATIONS = YES;
				CLANG_WARN_DIRECT_OBJC_ISA_USAGE = YES_ERROR;
				CLANG_WARN_DOCUMENTATION_COMMENTS = YES;
				CLANG_WARN_EMPTY_BODY = YES;
				CLANG_WARN_ENUM_CONVERSION = YES;
				CLANG_WARN_INFINITE_RECURSION = YES;
				CLANG_WARN_INT_CONVERSION = YES;
				CLANG_WARN_NON_LITERAL_NULL_CONVERSION = YES;
				CLANG_WARN_OBJC_IMPLICIT_RETAIN_SELF = YES;
				CLANG_WARN_OBJC_LITERAL_CONVERSION = YES;
				CLANG_WARN_OBJC_ROOT_CLASS = YES_ERROR;
				CLANG_WARN_QUOTED_INCLUDE_IN_FRAMEWORK_HEADER = YES;
				CLANG_WARN_RANGE_LOOP_ANALYSIS = YES;
				CLANG_WARN_STRICT_PROTOTYPES = YES;
				CLANG_WARN_SUSPICIOUS_MOVE = YES;
				CLANG_WARN_UNGUARDED_AVAILABILITY = YES_AGGRESSIVE;
				CLANG_WARN_UNREACHABLE_CODE = YES;
				CLANG_WARN__DUPLICATE_METHOD_MATCH = YES;
				COPY_PHASE_STRIP = NO;
				DEBUG_INFORMATION_FORMAT = "dwarf-with-dsym";
				ENABLE_NS_ASSERTIONS = NO;
				ENABLE_STRICT_OBJC_MSGSEND = YES;
				GCC_C_LANGUAGE_STANDARD = gnu11;
				GCC_NO_COMMON_BLOCKS = YES;
				GCC_WARN_64_TO_32_BIT_CONVERSION = YES;
				GCC_WARN_ABOUT_RETURN_TYPE = YES_ERROR;
				GCC_WARN_UNDECLARED_SELECTOR = YES;
				GCC_WARN_UNINITIALIZED_AUTOS = YES_AGGRESSIVE;
				GCC_WARN_UNUSED_FUNCTION = YES;
				GCC_WARN_UNUSED_VARIABLE = YES;
				IPHONEOS_DEPLOYMENT_TARGET = 16.4;
				MTL_ENABLE_DEBUG_INFO = NO;
				MTL_FAST_MATH = YES;
				SDKROOT = iphoneos;
				SWIFT_COMPILATION_MODE = wholemodule;
				SWIFT_OPTIMIZATION_LEVEL = "-O";
				VALIDATE_PRODUCT = YES;
			};
			name = Release;
		};
		904B378E29F5592D00044372 /* Debug */ = {
			isa = XCBuildConfiguration;
			buildSettings = {
				ASSETCATALOG_COMPILER_APPICON_NAME = AppIcon;
				ASSETCATALOG_COMPILER_GLOBAL_ACCENT_COLOR_NAME = AccentColor;
				CODE_SIGN_STYLE = Automatic;
				CURRENT_PROJECT_VERSION = 1;
				DEVELOPMENT_ASSET_PATHS = "\"SleepMusic/Preview Content\"";
				DEVELOPMENT_TEAM = FQPW6GRJ3U;
				ENABLE_PREVIEWS = YES;
				GENERATE_INFOPLIST_FILE = YES;
				INFOPLIST_FILE = SleepMusic/Info.plist;
				INFOPLIST_KEY_CFBundleDisplayName = "Relaxing Sleep";
				INFOPLIST_KEY_LSApplicationCategoryType = "public.app-category.healthcare-fitness";
				INFOPLIST_KEY_UIApplicationSceneManifest_Generation = YES;
				INFOPLIST_KEY_UIApplicationSupportsIndirectInputEvents = YES;
				INFOPLIST_KEY_UILaunchScreen_Generation = YES;
				INFOPLIST_KEY_UISupportedInterfaceOrientations = UIInterfaceOrientationPortrait;
				LD_RUNPATH_SEARCH_PATHS = (
					"$(inherited)",
					"@executable_path/Frameworks",
				);
				MARKETING_VERSION = 1.0;
				PRODUCT_BUNDLE_IDENTIFIER = com.JPVoogd.SleepMusic;
				PRODUCT_NAME = "$(TARGET_NAME)";
				SUPPORTED_PLATFORMS = "iphoneos iphonesimulator";
				SUPPORTS_MACCATALYST = NO;
				SUPPORTS_MAC_DESIGNED_FOR_IPHONE_IPAD = NO;
				SWIFT_EMIT_LOC_STRINGS = YES;
				SWIFT_VERSION = 5.0;
				TARGETED_DEVICE_FAMILY = 1;
			};
			name = Debug;
		};
		904B378F29F5592D00044372 /* Release */ = {
			isa = XCBuildConfiguration;
			buildSettings = {
				ASSETCATALOG_COMPILER_APPICON_NAME = AppIcon;
				ASSETCATALOG_COMPILER_GLOBAL_ACCENT_COLOR_NAME = AccentColor;
				CODE_SIGN_STYLE = Automatic;
				CURRENT_PROJECT_VERSION = 1;
				DEVELOPMENT_ASSET_PATHS = "\"SleepMusic/Preview Content\"";
				DEVELOPMENT_TEAM = FQPW6GRJ3U;
				ENABLE_PREVIEWS = YES;
				GENERATE_INFOPLIST_FILE = YES;
				INFOPLIST_FILE = SleepMusic/Info.plist;
				INFOPLIST_KEY_CFBundleDisplayName = "Relaxing Sleep";
				INFOPLIST_KEY_LSApplicationCategoryType = "public.app-category.healthcare-fitness";
				INFOPLIST_KEY_UIApplicationSceneManifest_Generation = YES;
				INFOPLIST_KEY_UIApplicationSupportsIndirectInputEvents = YES;
				INFOPLIST_KEY_UILaunchScreen_Generation = YES;
				INFOPLIST_KEY_UISupportedInterfaceOrientations = UIInterfaceOrientationPortrait;
				LD_RUNPATH_SEARCH_PATHS = (
					"$(inherited)",
					"@executable_path/Frameworks",
				);
				MARKETING_VERSION = 1.0;
				PRODUCT_BUNDLE_IDENTIFIER = com.JPVoogd.SleepMusic;
				PRODUCT_NAME = "$(TARGET_NAME)";
				SUPPORTED_PLATFORMS = "iphoneos iphonesimulator";
				SUPPORTS_MACCATALYST = NO;
				SUPPORTS_MAC_DESIGNED_FOR_IPHONE_IPAD = NO;
				SWIFT_EMIT_LOC_STRINGS = YES;
				SWIFT_VERSION = 5.0;
				TARGETED_DEVICE_FAMILY = 1;
			};
			name = Release;
		};
/* End XCBuildConfiguration section */

/* Begin XCConfigurationList section */
		904B377A29F5592B00044372 /* Build configuration list for PBXProject "SleepMusic" */ = {
			isa = XCConfigurationList;
			buildConfigurations = (
				904B378B29F5592D00044372 /* Debug */,
				904B378C29F5592D00044372 /* Release */,
			);
			defaultConfigurationIsVisible = 0;
			defaultConfigurationName = Release;
		};
		904B378D29F5592D00044372 /* Build configuration list for PBXNativeTarget "SleepMusic" */ = {
			isa = XCConfigurationList;
			buildConfigurations = (
				904B378E29F5592D00044372 /* Debug */,
				904B378F29F5592D00044372 /* Release */,
			);
			defaultConfigurationIsVisible = 0;
			defaultConfigurationName = Release;
		};
/* End XCConfigurationList section */
	};
	rootObject = 904B377729F5592B00044372 /* Project object */;
}
